
Microsoft Visual Studio Solution File, Format Version 12.00
# Visual Studio Version 17
VisualStudioVersion = 17.2.32630.192
MinimumVisualStudioVersion = 10.0.40219.1
Project("{FAE04EC0-301F-11D3-BF4B-00C04F79EFBC}") = "nachoOpera", "nachoOpera\nachoOpera.csproj", "{99BDCEA3-F2AB-47EB-87B4-EFA97358CFCD}"
EndProject
Project("{FAE04EC0-301F-11D3-BF4B-00C04F79EFBC}") = "Trabajo_nacho_opera", "Trabajo_nacho_opera\Trabajo_nacho_opera.csproj", "{1C876992-3959-4E7B-9355-C0F14B67DB33}"
EndProject
Global
	GlobalSection(SolutionConfigurationPlatforms) = preSolution
		Debug|Any CPU = Debug|Any CPU
		Release|Any CPU = Release|Any CPU
	EndGlobalSection
	GlobalSection(ProjectConfigurationPlatforms) = postSolution
		{99BDCEA3-F2AB-47EB-87B4-EFA97358CFCD}.Debug|Any CPU.ActiveCfg = Debug|Any CPU
		{99BDCEA3-F2AB-47EB-87B4-EFA97358CFCD}.Debug|Any CPU.Build.0 = Debug|Any CPU
		{99BDCEA3-F2AB-47EB-87B4-EFA97358CFCD}.Release|Any CPU.ActiveCfg = Release|Any CPU
		{99BDCEA3-F2AB-47EB-87B4-EFA97358CFCD}.Release|Any CPU.Build.0 = Release|Any CPU
		{1C876992-3959-4E7B-9355-C0F14B67DB33}.Debug|Any CPU.ActiveCfg = Debug|Any CPU
		{1C876992-3959-4E7B-9355-C0F14B67DB33}.Debug|Any CPU.Build.0 = Debug|Any CPU
		{1C876992-3959-4E7B-9355-C0F14B67DB33}.Release|Any CPU.ActiveCfg = Release|Any CPU
		{1C876992-3959-4E7B-9355-C0F14B67DB33}.Release|Any CPU.Build.0 = Release|Any CPU
	EndGlobalSection
	GlobalSection(SolutionProperties) = preSolution
		HideSolutionNode = FALSE
	EndGlobalSection
	GlobalSection(ExtensibilityGlobals) = postSolution
		SolutionGuid = {D9493DD0-1A69-4A38-8C34-ED46BD72C4D2}
	EndGlobalSection
EndGlobal
